{
  "name": "szkyminiprogram",
  "version": "1.0.0",
  "lockfileVersion": 3,
  "requires": true,
  "packages": {
    "": {
      "name": "szkyminiprogram",
      "version": "1.0.0",
      "license": "ISC",
      "dependencies": {
        "@vant/weapp": "^1.10.23",
        "md5": "^2.3.0",
        "miniprogram-datepicker": "^0.5.1"
      }
    },
    "node_modules/@vant/weapp": {
      "version": "1.10.23",
      "resolved": "https://registry.npmmirror.com/@vant/weapp/-/weapp-1.10.23.tgz",
      "integrity": "sha512-Lqlc0oT89AxR8e4uLmP59xkI1KkWSTWKWV9kXM17CJz55eL0fPMo5jd0d132KpcfRmiwIOVr7TwK8u8v6XIhlg=="
    },
    "node_modules/calendar": {
      "version": "1.0.0",
      "resolved": "git+ssh://git@github.com/pithyone/calendar.js.git#25673850f452c6305bdf57dcf618ecde6ae2f84f"
    },
    "node_modules/charenc": {
      "version": "0.0.2",
      "resolved": "https://registry.npmmirror.com/charenc/-/charenc-0.0.2.tgz",
      "integrity": "sha512-yrLQ/yVUFXkzg7EDQsPieE/53+0RlaWTs+wBrvW36cyilJ2SaDWfl4Yj7MtLTXleV9uEKefbAGUPv2/iWSooRA==",
      "engines": {
        "node": "*"
      }
    },
    "node_modules/crypt": {
      "version": "0.0.2",
      "resolved": "https://registry.npmmirror.com/crypt/-/crypt-0.0.2.tgz",
      "integrity": "sha512-mCxBlsHFYh9C+HVpiEacem8FEBnMXgU9gy4zmNC+SXAZNB/1idgp/aulFJ4FgCi7GPEVbfyng092GqL2k2rmow==",
      "engines": {
        "node": "*"
      }
    },
    "node_modules/is-buffer": {
      "version": "1.1.6",
      "resolved": "https://registry.npmmirror.com/is-buffer/-/is-buffer-1.1.6.tgz",
      "integrity": "sha512-NcdALwpXkTm5Zvvbk7owOUSvVvBKDgKP5/ewfXEznmQFfs4ZRmanOeKBTjRVjka3QFoN6XJ+9F3USqfHqTaU5w=="
    },
    "node_modules/lodash.findindex": {
      "version": "4.6.0",
      "resolved": "https://registry.npmmirror.com/lodash.findindex/-/lodash.findindex-4.6.0.tgz",
      "integrity": "sha512-9er6Ccz6sEST3bHFtUrCFWk14nE8cdL/RoW1RRDV1BxqN3qsmsT56L14jhfctAqhVPVcdJw4MRxEaVoAK+JVvw=="
    },
    "node_modules/md5": {
      "version": "2.3.0",
      "resolved": "https://registry.npmmirror.com/md5/-/md5-2.3.0.tgz",
      "integrity": "sha512-T1GITYmFaKuO91vxyoQMFETst+O71VUPEU3ze5GNzDm0OWdP8v1ziTaAEPUr/3kLsY3Sftgz242A1SetQiDL7g==",
      "dependencies": {
        "charenc": "0.0.2",
        "crypt": "0.0.2",
        "is-buffer": "~1.1.6"
      }
    },
    "node_modules/miniprogram-datepicker": {
      "version": "0.5.1",
      "resolved": "https://registry.npmmirror.com/miniprogram-datepicker/-/miniprogram-datepicker-0.5.1.tgz",
      "integrity": "sha512-G0vYSTD9pQ+kaEodK1p9Q8PmSZUURnZLjyDbjFXgrIfbjprEEALPEw/y0EVCxPS4k58akDZVWm82koCu15YHdw==",
      "dependencies": {
        "calendar": "github:pithyone/calendar.js",
        "lodash.findindex": "^4.6.0"
      }
    }
  }
}
