{
  "name": "szkyminiprogram",
  "version": "1.0.0",
  "lockfileVersion": 3,
  "requires": true,
  "packages": {
    "": {
      "name": "szkyminiprogram",
      "version": "1.0.0",
      "license": "ISC",
      "dependencies": {
        "miniprogram-datepicker": "^0.5.1"
      }
    },
    "node_modules/calendar": {
      "version": "1.0.0",
      "resolved": "git+ssh://git@github.com/pithyone/calendar.js.git#25673850f452c6305bdf57dcf618ecde6ae2f84f"
    },
    "node_modules/lodash.findindex": {
      "version": "4.6.0",
      "resolved": "https://registry.npmmirror.com/lodash.findindex/-/lodash.findindex-4.6.0.tgz",
      "integrity": "sha512-9er6Ccz6sEST3bHFtUrCFWk14nE8cdL/RoW1RRDV1BxqN3qsmsT56L14jhfctAqhVPVcdJw4MRxEaVoAK+JVvw=="
    },
    "node_modules/miniprogram-datepicker": {
      "version": "0.5.1",
      "resolved": "https://registry.npmmirror.com/miniprogram-datepicker/-/miniprogram-datepicker-0.5.1.tgz",
      "integrity": "sha512-G0vYSTD9pQ+kaEodK1p9Q8PmSZUURnZLjyDbjFXgrIfbjprEEALPEw/y0EVCxPS4k58akDZVWm82koCu15YHdw==",
      "dependencies": {
        "calendar": "github:pithyone/calendar.js",
        "lodash.findindex": "^4.6.0"
      }
    }
  }
}
